
Microsoft Visual Studio Solution File, Format Version 12.00
# Visual Studio Version 17
VisualStudioVersion = 17.11.35303.130
MinimumVisualStudioVersion = 10.0.40219.1
Project("{9A19103F-16F7-4668-BE54-9A1E7A4F7556}") = "WetherReport", "ChatApplicationPOC\WetherReport.csproj", "{5E165CAF-0250-4435-B666-E5807462ACCF}"
EndProject
Global
	GlobalSection(SolutionConfigurationPlatforms) = preSolution
		Debug|Any CPU = Debug|Any CPU
		Release|Any CPU = Release|Any CPU
	EndGlobalSection
	GlobalSection(ProjectConfigurationPlatforms) = postSolution
		{5E165CAF-0250-4435-B666-E5807462ACCF}.Debug|Any CPU.ActiveCfg = Debug|Any CPU
		{5E165CAF-0250-4435-B666-E5807462ACCF}.Debug|Any CPU.Build.0 = Debug|Any CPU
		{5E165CAF-0250-4435-B666-E5807462ACCF}.Release|Any CPU.ActiveCfg = Release|Any CPU
		{5E165CAF-0250-4435-B666-E5807462ACCF}.Release|Any CPU.Build.0 = Release|Any CPU
	EndGlobalSection
	GlobalSection(SolutionProperties) = preSolution
		HideSolutionNode = FALSE
	EndGlobalSection
	GlobalSection(ExtensibilityGlobals) = postSolution
		SolutionGuid = {2CD56B74-7A6C-45CE-97B2-30616F86762E}
	EndGlobalSection
EndGlobal
